
Microsoft Visual Studio Solution File, Format Version 12.00
# Visual Studio 2013
VisualStudioVersion = 12.0.31101.0
MinimumVisualStudioVersion = 10.0.40219.1
Project("{FAE04EC0-301F-11D3-BF4B-00C04F79EFBC}") = "ControlBehaviors", "ControlBehaviors\ControlBehaviors.csproj", "{D8BA6117-6AFD-410B-ABA9-94D1C0FCA387}"
EndProject
Project("{FAE04EC0-301F-11D3-BF4B-00C04F79EFBC}") = "CustomControls", "CustomControls\CustomControls.csproj", "{A84DE8F7-7A78-4508-8045-F74585936DC5}"
EndProject
Project("{FAE04EC0-301F-11D3-BF4B-00C04F79EFBC}") = "ControlBehaviorsViewModel", "ControlBehaviorsViewModel\ControlBehaviorsViewModel.csproj", "{23CD23AE-6CAF-43E1-B0EF-8183CAD2FBA0}"
EndProject
Global
	GlobalSection(SolutionConfigurationPlatforms) = preSolution
		Debug|Any CPU = Debug|Any CPU
		Release|Any CPU = Release|Any CPU
	EndGlobalSection
	GlobalSection(ProjectConfigurationPlatforms) = postSolution
		{D8BA6117-6AFD-410B-ABA9-94D1C0FCA387}.Debug|Any CPU.ActiveCfg = Debug|Any CPU
		{D8BA6117-6AFD-410B-ABA9-94D1C0FCA387}.Debug|Any CPU.Build.0 = Debug|Any CPU
		{D8BA6117-6AFD-410B-ABA9-94D1C0FCA387}.Release|Any CPU.ActiveCfg = Release|Any CPU
		{D8BA6117-6AFD-410B-ABA9-94D1C0FCA387}.Release|Any CPU.Build.0 = Release|Any CPU
		{A84DE8F7-7A78-4508-8045-F74585936DC5}.Debug|Any CPU.ActiveCfg = Debug|Any CPU
		{A84DE8F7-7A78-4508-8045-F74585936DC5}.Debug|Any CPU.Build.0 = Debug|Any CPU
		{A84DE8F7-7A78-4508-8045-F74585936DC5}.Release|Any CPU.ActiveCfg = Release|Any CPU
		{A84DE8F7-7A78-4508-8045-F74585936DC5}.Release|Any CPU.Build.0 = Release|Any CPU
		{23CD23AE-6CAF-43E1-B0EF-8183CAD2FBA0}.Debug|Any CPU.ActiveCfg = Debug|Any CPU
		{23CD23AE-6CAF-43E1-B0EF-8183CAD2FBA0}.Debug|Any CPU.Build.0 = Debug|Any CPU
		{23CD23AE-6CAF-43E1-B0EF-8183CAD2FBA0}.Release|Any CPU.ActiveCfg = Release|Any CPU
		{23CD23AE-6CAF-43E1-B0EF-8183CAD2FBA0}.Release|Any CPU.Build.0 = Release|Any CPU
	EndGlobalSection
	GlobalSection(SolutionProperties) = preSolution
		HideSolutionNode = FALSE
	EndGlobalSection
EndGlobal
